PODS:
  - LSDialogViewController (0.1.7)

DEPENDENCIES:
  - LSDialogViewController (from `../`)

EXTERNAL SOURCES:
  LSDialogViewController:
    :path: ../

SPEC CHECKSUMS:
  LSDialogViewController: b0ea043b6c64735b7e3d5ee7669e203089dc42a0

PODFILE CHECKSUM: f9169fd7ec329cc3a8743750da4b2886782727d0

COCOAPODS: 1.1.0.rc.2
