PODS:
  - LSDialogViewController (0.1.0)

DEPENDENCIES:
  - LSDialogViewController (from `../`)

EXTERNAL SOURCES:
  LSDialogViewController:
    :path: ../

SPEC CHECKSUMS:
  LSDialogViewController: a73f4783b7391f3c5a16ba4becd7833a51ab7b95

PODFILE CHECKSUM: f9169fd7ec329cc3a8743750da4b2886782727d0

COCOAPODS: 1.0.0
